Microsoft Visual Studio Solution File, Format Version 12.00
# Visual Studio Version 17
VisualStudioVersion = 17.5.2.0
MinimumVisualStudioVersion = 10.0.40219.1
Project("{FAE04EC0-301F-11D3-BF4B-00C04F79EFBC}") = "avatar2", "avatar2.csproj", "{1434FB9C-1699-6FEB-DEBA-354CC7F8B58B}"
EndProject
Global
	GlobalSection(SolutionConfigurationPlatforms) = preSolution
		Debug|Any CPU = Debug|Any CPU
		Release|Any CPU = Release|Any CPU
	EndGlobalSection
	GlobalSection(ProjectConfigurationPlatforms) = postSolution
		{1434FB9C-1699-6FEB-DEBA-354CC7F8B58B}.Debug|Any CPU.ActiveCfg = Debug|Any CPU
		{1434FB9C-1699-6FEB-DEBA-354CC7F8B58B}.Debug|Any CPU.Build.0 = Debug|Any CPU
		{1434FB9C-1699-6FEB-DEBA-354CC7F8B58B}.Release|Any CPU.ActiveCfg = Release|Any CPU
		{1434FB9C-1699-6FEB-DEBA-354CC7F8B58B}.Release|Any CPU.Build.0 = Release|Any CPU
	EndGlobalSection
	GlobalSection(SolutionProperties) = preSolution
		HideSolutionNode = FALSE
	EndGlobalSection
	GlobalSection(ExtensibilityGlobals) = postSolution
		SolutionGuid = {87012C42-8D96-451F-8658-462C3F712B81}
	EndGlobalSection
EndGlobal
